github.com/soypat/lneto v0.0.0-20251105231202-e3c6d68288ad h1:aaPSOU6hKedhG5sRog7KtSOYfnaBbeURPznlsl3kOPE=
github.com/soypat/lneto v0.0.0-20251105231202-e3c6d68288ad/go.mod h1:g/8Lk+hIsMZydyWDJjK2YfsCuG6jA5mWCO6U+4S7w1U=
github.com/soypat/lneto v0.0.0-20260101152158-5731a378ddf1 h1:/NRMaoD9TN+LCiIf/5VJH/P7G4ipLS6T04ywGtIQPfM=
github.com/soypat/lneto v0.0.0-20260101152158-5731a378ddf1/go.mod h1:g/8Lk+hIsMZydyWDJjK2YfsCuG6jA5mWCO6U+4S7w1U=
github.com/soypat/lneto v0.0.0-20260103154157-018f9258acf1 h1:pxcwuCJPh4RLIDGe9GxO8MoTpe4DQuFY4i93uFvOpA8=
github.com/soypat/lneto v0.0.0-20260103154157-018f9258acf1/go.mod h1:g/8Lk+hIsMZydyWDJjK2YfsCuG6jA5mWCO6U+4S7w1U=
github.com/soypat/lneto v0.0.0-20260105130324-7698b9fb813d h1:8QsHxsYfzaFDjaroTmcyYfhrHuBzU8lIqnk42o2wzvQ=
github.com/soypat/lneto v0.0.0-20260105130324-7698b9fb813d/go.mod h1:g/8Lk+hIsMZydyWDJjK2YfsCuG6jA5mWCO6U+4S7w1U=
github.com/soypat/lneto v0.0.0-20260105144201-88d5f111da74 h1:bhXGhNWAMaJ0ySGnm5bQvXySHEmeREdI2gNlefS+sXA=
github.com/soypat/lneto v0.0.0-20260105144201-88d5f111da74/go.mod h1:g/8Lk+hIsMZydyWDJjK2YfsCuG6jA5mWCO6U+4S7w1U=
github.com/soypat/natiu-mqtt v0.6.0 h1:ddrem9iAqFYtQOx2C7AhCizhPXXmGZs1T5fkvLroPO4=
github.com/soypat/natiu-mqtt v0.6.0/go.mod h1:xEta+cwop9izVCW7xOx2W+ct9PRMqr0gNVkvBPnQTc4=
github.com/soypat/saleae v0.0.0-20230607000858-72cbd6ef4f23 h1:oxtjmxCkdYGMwo/VSt3+zllqB117yxwH4oUC8unTbqs=
github.com/soypat/saleae v0.0.0-20230607000858-72cbd6ef4f23/go.mod h1:9SV+w6E9YK/BePxdxYGXthkrRztHJCQlojWOjAxW3M4=
github.com/soypat/seqs v0.0.0-20250124201400-0d65bc7c1710 h1:Y9fBuiR/urFY/m76+SAZTxk2xAOS2n85f+H1CugajeA=
github.com/soypat/seqs v0.0.0-20250124201400-0d65bc7c1710/go.mod h1:oCVCNGCHMKoBj97Zp9znLbQ1nHxpkmOY9X+UAGzOxc8=
github.com/tinygo-org/pio v0.2.0 h1:vo3xa6xDZ2rVtxrks/KcTZHF3qq4lyWOntvEvl2pOhU=
github.com/tinygo-org/pio v0.2.0/go.mod h1:LU7Dw00NJ+N86QkeTGjMLNkYcEYMor6wTDpTCu0EaH8=
golang.org/x/exp v0.0.0-20240808152545-0cdaa3abc0fa h1:ELnwvuAXPNtPk1TJRuGkI9fDTwym6AYBu0qzT8AcHdI=
golang.org/x/exp v0.0.0-20240808152545-0cdaa3abc0fa/go.mod h1:akd2r19cwCdwSwWeIdzYQGa/EZZyqcOdwWiwj5L5eKQ=
