github.com/soypat/lneto v0.0.0-20250714224829-61c66a2e580b h1:58Jj5exSwID9Jm70DdS6OTcOoGHLbFGP3FHAqwTIUHk=
github.com/soypat/lneto v0.0.0-20250714224829-61c66a2e580b/go.mod h1:g/8Lk+hIsMZydyWDJjK2YfsCuG6jA5mWCO6U+4S7w1U=
github.com/soypat/lneto v0.0.0-20250714230426-ad22c61b2891 h1:9rCNElngZT/xZnrsy/cXrHPh1P2x+RjTX1+6RQDg8w4=
github.com/soypat/lneto v0.0.0-20250714230426-ad22c61b2891/go.mod h1:g/8Lk+hIsMZydyWDJjK2YfsCuG6jA5mWCO6U+4S7w1U=
github.com/soypat/lneto v0.0.0-20250720002239-dd1a15b206e2 h1:zhNFaNMWuE6EMGDfEL+bz8SpN326dEtl+JnTaalhEYo=
github.com/soypat/lneto v0.0.0-20250720002239-dd1a15b206e2/go.mod h1:g/8Lk+hIsMZydyWDJjK2YfsCuG6jA5mWCO6U+4S7w1U=
github.com/soypat/lneto v0.0.0-20250720002717-d7d8aa05804d h1:cOpH4Qo9lW8GsoK8wsfSqhr2N/uIWpXL8ovgo36+xkg=
github.com/soypat/lneto v0.0.0-20250720002717-d7d8aa05804d/go.mod h1:g/8Lk+hIsMZydyWDJjK2YfsCuG6jA5mWCO6U+4S7w1U=
github.com/soypat/lneto v0.0.0-20250720133441-2b79d0c5123b h1:mbYAI+wkI4o++8XAstbHljRIL0ucDBeisCBCxPi9/eM=
github.com/soypat/lneto v0.0.0-20250720133441-2b79d0c5123b/go.mod h1:g/8Lk+hIsMZydyWDJjK2YfsCuG6jA5mWCO6U+4S7w1U=
github.com/soypat/lneto v0.0.0-20250721213931-77bdc4c4486b h1:y+KRP1CtgHZ3AJurOOT9Bji88y0O7dZtY2wy63WWTfc=
github.com/soypat/lneto v0.0.0-20250721213931-77bdc4c4486b/go.mod h1:g/8Lk+hIsMZydyWDJjK2YfsCuG6jA5mWCO6U+4S7w1U=
github.com/soypat/lneto v0.0.0-20250721214412-f52b672eecd6 h1:Jkoj7oANCAxXFfvE4wPjtncDXavMEStZcIjwa90+m+s=
github.com/soypat/lneto v0.0.0-20250721214412-f52b672eecd6/go.mod h1:g/8Lk+hIsMZydyWDJjK2YfsCuG6jA5mWCO6U+4S7w1U=
github.com/soypat/natiu-mqtt v0.6.0 h1:ddrem9iAqFYtQOx2C7AhCizhPXXmGZs1T5fkvLroPO4=
github.com/soypat/natiu-mqtt v0.6.0/go.mod h1:xEta+cwop9izVCW7xOx2W+ct9PRMqr0gNVkvBPnQTc4=
github.com/soypat/saleae v0.0.0-20230607000858-72cbd6ef4f23 h1:oxtjmxCkdYGMwo/VSt3+zllqB117yxwH4oUC8unTbqs=
github.com/soypat/saleae v0.0.0-20230607000858-72cbd6ef4f23/go.mod h1:9SV+w6E9YK/BePxdxYGXthkrRztHJCQlojWOjAxW3M4=
github.com/soypat/seqs v0.0.0-20250124201400-0d65bc7c1710 h1:Y9fBuiR/urFY/m76+SAZTxk2xAOS2n85f+H1CugajeA=
github.com/soypat/seqs v0.0.0-20250124201400-0d65bc7c1710/go.mod h1:oCVCNGCHMKoBj97Zp9znLbQ1nHxpkmOY9X+UAGzOxc8=
github.com/tinygo-org/pio v0.2.0 h1:vo3xa6xDZ2rVtxrks/KcTZHF3qq4lyWOntvEvl2pOhU=
github.com/tinygo-org/pio v0.2.0/go.mod h1:LU7Dw00NJ+N86QkeTGjMLNkYcEYMor6wTDpTCu0EaH8=
golang.org/x/exp v0.0.0-20240808152545-0cdaa3abc0fa h1:ELnwvuAXPNtPk1TJRuGkI9fDTwym6AYBu0qzT8AcHdI=
golang.org/x/exp v0.0.0-20240808152545-0cdaa3abc0fa/go.mod h1:akd2r19cwCdwSwWeIdzYQGa/EZZyqcOdwWiwj5L5eKQ=
